
Microsoft Visual Studio Solution File, Format Version 12.00
# Visual Studio Version 17
VisualStudioVersion = 17.0.31903.59
MinimumVisualStudioVersion = 10.0.40219.1
Project("{2150E333-8FDC-42A3-9474-1A3956D46DE8}") = "src", "src", "{1CB9C3EB-6BA7-41B7-B6DC-9D77184808E6}"
EndProject
Project("{9A19103F-16F7-4668-BE54-9A1E7A4F7556}") = "Aqalnet.Application", "src\Aqalnet.Application\Aqalnet.Application.csproj", "{F64C73FA-32C3-411F-9C46-3432BBFFE2D9}"
EndProject
Project("{9A19103F-16F7-4668-BE54-9A1E7A4F7556}") = "Aqalnet.Domain", "src\Aqalnet.Domain\Aqalnet.Domain.csproj", "{FA3A5F1A-F2EE-4AA6-9BF9-2660B8D3E81E}"
EndProject
Project("{9A19103F-16F7-4668-BE54-9A1E7A4F7556}") = "Aqalnet.Infrastructure", "src\Aqalnet.Infrastructure\Aqalnet.Infrastructure.csproj", "{A55EDF2B-DA6D-4328-8DCE-ECC4EA25A302}"
EndProject
Project("{2150E333-8FDC-42A3-9474-1A3956D46DE8}") = "tests", "tests", "{F3ADBDED-8743-4DFC-8329-D79AF8222762}"
EndProject
Project("{9A19103F-16F7-4668-BE54-9A1E7A4F7556}") = "Aqalnet.Domain.UnitTests", "tests\Aqalnet.Domain.UnitTests\Aqalnet.Domain.UnitTests.csproj", "{B9E0FBF0-B0EE-4794-8B47-AD82F8DDB940}"
EndProject
Project("{9A19103F-16F7-4668-BE54-9A1E7A4F7556}") = "Aqalnet.Api", "src\Aqalnet.Api\Aqalnet.Api.csproj", "{6A003567-5B3A-4049-A791-8CDDB8B3C917}"
EndProject
Project("{E53339B2-1760-4266-BCC7-CA923CBCF16C}") = "docker-compose", "docker-compose.dcproj", "{3600096A-5558-440E-B50D-F7C0DE028591}"
EndProject
Project("{9A19103F-16F7-4668-BE54-9A1E7A4F7556}") = "Aqalnet.Application.UnitTests", "tests\Aqalnet.Application.UnitTests\Aqalnet.Application.UnitTests.csproj", "{1FE06B88-E437-4842-B391-8397B059479E}"
EndProject
Project("{9A19103F-16F7-4668-BE54-9A1E7A4F7556}") = "Aqalnet.Application.IntegrationTests", "tests\Aqalnet.Application.IntegrationTests\Aqalnet.Application.IntegrationTests.csproj", "{990AFFCE-3F60-4637-A46C-726CCAB5904C}"
EndProject
Project("{FAE04EC0-301F-11D3-BF4B-00C04F79EFBC}") = "Aqalnet.Api.FunctionalTests", "tests\Aqalnet.Api.FunctionalTests\Aqalnet.Api.FunctionalTests.csproj", "{A49E3304-AA2E-4A81-8778-E10270AA0020}"
EndProject
Project("{FAE04EC0-301F-11D3-BF4B-00C04F79EFBC}") = "Aqalnet.ArchitectureTests", "tests\Aqalnet.ArchitectureTests\Aqalnet.ArchitectureTests.csproj", "{23ED7EBD-EC4B-4404-B0B0-B26C56A1A093}"
EndProject
Global
	GlobalSection(SolutionConfigurationPlatforms) = preSolution
		Debug|Any CPU = Debug|Any CPU
		Release|Any CPU = Release|Any CPU
	EndGlobalSection
	GlobalSection(ProjectConfigurationPlatforms) = postSolution
		{F64C73FA-32C3-411F-9C46-3432BBFFE2D9}.Debug|Any CPU.ActiveCfg = Debug|Any CPU
		{F64C73FA-32C3-411F-9C46-3432BBFFE2D9}.Debug|Any CPU.Build.0 = Debug|Any CPU
		{F64C73FA-32C3-411F-9C46-3432BBFFE2D9}.Release|Any CPU.ActiveCfg = Release|Any CPU
		{F64C73FA-32C3-411F-9C46-3432BBFFE2D9}.Release|Any CPU.Build.0 = Release|Any CPU
		{FA3A5F1A-F2EE-4AA6-9BF9-2660B8D3E81E}.Debug|Any CPU.ActiveCfg = Debug|Any CPU
		{FA3A5F1A-F2EE-4AA6-9BF9-2660B8D3E81E}.Debug|Any CPU.Build.0 = Debug|Any CPU
		{FA3A5F1A-F2EE-4AA6-9BF9-2660B8D3E81E}.Release|Any CPU.ActiveCfg = Release|Any CPU
		{FA3A5F1A-F2EE-4AA6-9BF9-2660B8D3E81E}.Release|Any CPU.Build.0 = Release|Any CPU
		{A55EDF2B-DA6D-4328-8DCE-ECC4EA25A302}.Debug|Any CPU.ActiveCfg = Debug|Any CPU
		{A55EDF2B-DA6D-4328-8DCE-ECC4EA25A302}.Debug|Any CPU.Build.0 = Debug|Any CPU
		{A55EDF2B-DA6D-4328-8DCE-ECC4EA25A302}.Release|Any CPU.ActiveCfg = Release|Any CPU
		{A55EDF2B-DA6D-4328-8DCE-ECC4EA25A302}.Release|Any CPU.Build.0 = Release|Any CPU
		{B9E0FBF0-B0EE-4794-8B47-AD82F8DDB940}.Debug|Any CPU.ActiveCfg = Debug|Any CPU
		{B9E0FBF0-B0EE-4794-8B47-AD82F8DDB940}.Debug|Any CPU.Build.0 = Debug|Any CPU
		{B9E0FBF0-B0EE-4794-8B47-AD82F8DDB940}.Release|Any CPU.ActiveCfg = Release|Any CPU
		{B9E0FBF0-B0EE-4794-8B47-AD82F8DDB940}.Release|Any CPU.Build.0 = Release|Any CPU
		{6A003567-5B3A-4049-A791-8CDDB8B3C917}.Debug|Any CPU.ActiveCfg = Debug|Any CPU
		{6A003567-5B3A-4049-A791-8CDDB8B3C917}.Debug|Any CPU.Build.0 = Debug|Any CPU
		{6A003567-5B3A-4049-A791-8CDDB8B3C917}.Release|Any CPU.ActiveCfg = Release|Any CPU
		{6A003567-5B3A-4049-A791-8CDDB8B3C917}.Release|Any CPU.Build.0 = Release|Any CPU
		{3600096A-5558-440E-B50D-F7C0DE028591}.Debug|Any CPU.ActiveCfg = Debug|Any CPU
		{3600096A-5558-440E-B50D-F7C0DE028591}.Debug|Any CPU.Build.0 = Debug|Any CPU
		{3600096A-5558-440E-B50D-F7C0DE028591}.Release|Any CPU.ActiveCfg = Release|Any CPU
		{3600096A-5558-440E-B50D-F7C0DE028591}.Release|Any CPU.Build.0 = Release|Any CPU
		{1FE06B88-E437-4842-B391-8397B059479E}.Debug|Any CPU.ActiveCfg = Debug|Any CPU
		{1FE06B88-E437-4842-B391-8397B059479E}.Debug|Any CPU.Build.0 = Debug|Any CPU
		{1FE06B88-E437-4842-B391-8397B059479E}.Release|Any CPU.ActiveCfg = Release|Any CPU
		{1FE06B88-E437-4842-B391-8397B059479E}.Release|Any CPU.Build.0 = Release|Any CPU
		{990AFFCE-3F60-4637-A46C-726CCAB5904C}.Debug|Any CPU.ActiveCfg = Debug|Any CPU
		{990AFFCE-3F60-4637-A46C-726CCAB5904C}.Debug|Any CPU.Build.0 = Debug|Any CPU
		{990AFFCE-3F60-4637-A46C-726CCAB5904C}.Release|Any CPU.ActiveCfg = Release|Any CPU
		{990AFFCE-3F60-4637-A46C-726CCAB5904C}.Release|Any CPU.Build.0 = Release|Any CPU
		{A49E3304-AA2E-4A81-8778-E10270AA0020}.Debug|Any CPU.ActiveCfg = Debug|Any CPU
		{A49E3304-AA2E-4A81-8778-E10270AA0020}.Debug|Any CPU.Build.0 = Debug|Any CPU
		{A49E3304-AA2E-4A81-8778-E10270AA0020}.Release|Any CPU.ActiveCfg = Release|Any CPU
		{A49E3304-AA2E-4A81-8778-E10270AA0020}.Release|Any CPU.Build.0 = Release|Any CPU
		{23ED7EBD-EC4B-4404-B0B0-B26C56A1A093}.Debug|Any CPU.ActiveCfg = Debug|Any CPU
		{23ED7EBD-EC4B-4404-B0B0-B26C56A1A093}.Debug|Any CPU.Build.0 = Debug|Any CPU
		{23ED7EBD-EC4B-4404-B0B0-B26C56A1A093}.Release|Any CPU.ActiveCfg = Release|Any CPU
		{23ED7EBD-EC4B-4404-B0B0-B26C56A1A093}.Release|Any CPU.Build.0 = Release|Any CPU
	EndGlobalSection
	GlobalSection(SolutionProperties) = preSolution
		HideSolutionNode = FALSE
	EndGlobalSection
	GlobalSection(NestedProjects) = preSolution
		{F64C73FA-32C3-411F-9C46-3432BBFFE2D9} = {1CB9C3EB-6BA7-41B7-B6DC-9D77184808E6}
		{FA3A5F1A-F2EE-4AA6-9BF9-2660B8D3E81E} = {1CB9C3EB-6BA7-41B7-B6DC-9D77184808E6}
		{A55EDF2B-DA6D-4328-8DCE-ECC4EA25A302} = {1CB9C3EB-6BA7-41B7-B6DC-9D77184808E6}
		{B9E0FBF0-B0EE-4794-8B47-AD82F8DDB940} = {F3ADBDED-8743-4DFC-8329-D79AF8222762}
		{6A003567-5B3A-4049-A791-8CDDB8B3C917} = {1CB9C3EB-6BA7-41B7-B6DC-9D77184808E6}
		{1FE06B88-E437-4842-B391-8397B059479E} = {F3ADBDED-8743-4DFC-8329-D79AF8222762}
		{990AFFCE-3F60-4637-A46C-726CCAB5904C} = {F3ADBDED-8743-4DFC-8329-D79AF8222762}
		{A49E3304-AA2E-4A81-8778-E10270AA0020} = {F3ADBDED-8743-4DFC-8329-D79AF8222762}
		{23ED7EBD-EC4B-4404-B0B0-B26C56A1A093} = {F3ADBDED-8743-4DFC-8329-D79AF8222762}
	EndGlobalSection
	GlobalSection(ExtensibilityGlobals) = postSolution
		SolutionGuid = {60017D95-CFAE-45B6-AC3A-66E38DE05169}
	EndGlobalSection
EndGlobal
